// !$*UTF8*$!
{
	archiveVersion = 1;
	classes = {
	};
	objectVersion = 55;
	objects = {

/* Begin PBXBuildFile section */
		840D0E6D286DCC3C00E755FB /* ProfileCard.docc in Sources */ = {isa = PBXBuildFile; fileRef = 840D0E6C286DCC3C00E755FB /* ProfileCard.docc */; };
		840D0E73286DCC3C00E755FB /* ProfileCard.framework in Frameworks */ = {isa = PBXBuildFile; fileRef = 840D0E68286DCC3C00E755FB /* ProfileCard.framework */; };
		840D0E78286DCC3C00E755FB /* ProfileCardTests.swift in Sources */ = {isa = PBXBuildFile; fileRef = 840D0E77286DCC3C00E755FB /* ProfileCardTests.swift */; };
		840D0E79286DCC3C00E755FB /* ProfileCard.h in Headers */ = {isa = PBXBuildFile; fileRef = 840D0E6B286DCC3C00E755FB /* ProfileCard.h */; settings = {ATTRIBUTES = (Public, ); }; };
		84599AA9286EC79600542344 /* ProfileViewCard.swift in Sources */ = {isa = PBXBuildFile; fileRef = 84599AA8286EC79600542344 /* ProfileViewCard.swift */; };
		84599AAB286EC7AE00542344 /* ProfileViewCard.xib in Resources */ = {isa = PBXBuildFile; fileRef = 84599AAA286EC7AE00542344 /* ProfileViewCard.xib */; };
		84599AAF286EC88000542344 /* PersonDetailsModel.swift in Sources */ = {isa = PBXBuildFile; fileRef = 84599AAD286EC88000542344 /* PersonDetailsModel.swift */; };
		84599AB0286EC88000542344 /* GenderType.swift in Sources */ = {isa = PBXBuildFile; fileRef = 84599AAE286EC88000542344 /* GenderType.swift */; };
/* End PBXBuildFile section */

/* Begin PBXContainerItemProxy section */
		840D0E74286DCC3C00E755FB /* PBXContainerItemProxy */ = {
			isa = PBXContainerItemProxy;
			containerPortal = 840D0E5F286DCC3C00E755FB /* Project object */;
			proxyType = 1;
			remoteGlobalIDString = 840D0E67286DCC3C00E755FB;
			remoteInfo = ProfileCard;
		};
/* End PBXContainerItemProxy section */

/* Begin PBXFileReference section */
		840D0E68286DCC3C00E755FB /* ProfileCard.framework */ = {isa = PBXFileReference; explicitFileType = wrapper.framework; includeInIndex = 0; path = ProfileCard.framework; sourceTree = BUILT_PRODUCTS_DIR; };
		840D0E6B286DCC3C00E755FB /* ProfileCard.h */ = {isa = PBXFileReference; lastKnownFileType = sourcecode.c.h; path = ProfileCard.h; sourceTree = "<group>"; };
		840D0E6C286DCC3C00E755FB /* ProfileCard.docc */ = {isa = PBXFileReference; lastKnownFileType = folder.documentationcatalog; path = ProfileCard.docc; sourceTree = "<group>"; };
		840D0E72286DCC3C00E755FB /* ProfileCardTests.xctest */ = {isa = PBXFileReference; explicitFileType = wrapper.cfbundle; includeInIndex = 0; path = ProfileCardTests.xctest; sourceTree = BUILT_PRODUCTS_DIR; };
		840D0E77286DCC3C00E755FB /* ProfileCardTests.swift */ = {isa = PBXFileReference; lastKnownFileType = sourcecode.swift; path = ProfileCardTests.swift; sourceTree = "<group>"; };
		84599AA8286EC79600542344 /* ProfileViewCard.swift */ = {isa = PBXFileReference; lastKnownFileType = sourcecode.swift; path = ProfileViewCard.swift; sourceTree = "<group>"; };
		84599AAA286EC7AE00542344 /* ProfileViewCard.xib */ = {isa = PBXFileReference; lastKnownFileType = file.xib; path = ProfileViewCard.xib; sourceTree = "<group>"; };
		84599AAD286EC88000542344 /* PersonDetailsModel.swift */ = {isa = PBXFileReference; fileEncoding = 4; lastKnownFileType = sourcecode.swift; path = PersonDetailsModel.swift; sourceTree = "<group>"; };
		84599AAE286EC88000542344 /* GenderType.swift */ = {isa = PBXFileReference; fileEncoding = 4; lastKnownFileType = sourcecode.swift; path = GenderType.swift; sourceTree = "<group>"; };
		84599ADF286EF15E00542344 /* ProfileCard.xcodeproj */ = {isa = PBXFileReference; lastKnownFileType = "wrapper.pb-project"; path = ProfileCard.xcodeproj; sourceTree = "<group>"; };
/* End PBXFileReference section */

/* Begin PBXFrameworksBuildPhase section */
		840D0E65286DCC3C00E755FB /* Frameworks */ = {
			isa = PBXFrameworksBuildPhase;
			buildActionMask = 2147483647;
			files = (
			);
			runOnlyForDeploymentPostprocessing = 0;
		};
		840D0E6F286DCC3C00E755FB /* Frameworks */ = {
			isa = PBXFrameworksBuildPhase;
			buildActionMask = 2147483647;
			files = (
				840D0E73286DCC3C00E755FB /* ProfileCard.framework in Frameworks */,
			);
			runOnlyForDeploymentPostprocessing = 0;
		};
/* End PBXFrameworksBuildPhase section */

/* Begin PBXGroup section */
		840D0E5E286DCC3C00E755FB = {
			isa = PBXGroup;
			children = (
				840D0E6A286DCC3C00E755FB /* ProfileCard */,
				840D0E76286DCC3C00E755FB /* ProfileCardTests */,
				840D0E69286DCC3C00E755FB /* Products */,
				84599ADE286EF15E00542344 /* Frameworks */,
			);
			sourceTree = "<group>";
		};
		840D0E69286DCC3C00E755FB /* Products */ = {
			isa = PBXGroup;
			children = (
				840D0E68286DCC3C00E755FB /* ProfileCard.framework */,
				840D0E72286DCC3C00E755FB /* ProfileCardTests.xctest */,
			);
			name = Products;
			sourceTree = "<group>";
		};
		840D0E6A286DCC3C00E755FB /* ProfileCard */ = {
			isa = PBXGroup;
			children = (
				84599AAC286EC88000542344 /* Model */,
				840D0E86286DD7A900E755FB /* View */,
				840D0E6B286DCC3C00E755FB /* ProfileCard.h */,
				840D0E6C286DCC3C00E755FB /* ProfileCard.docc */,
			);
			path = ProfileCard;
			sourceTree = "<group>";
		};
		840D0E76286DCC3C00E755FB /* ProfileCardTests */ = {
			isa = PBXGroup;
			children = (
				840D0E77286DCC3C00E755FB /* ProfileCardTests.swift */,
			);
			path = ProfileCardTests;
			sourceTree = "<group>";
		};
		840D0E86286DD7A900E755FB /* View */ = {
			isa = PBXGroup;
			children = (
				84599AA8286EC79600542344 /* ProfileViewCard.swift */,
				84599AAA286EC7AE00542344 /* ProfileViewCard.xib */,
			);
			path = View;
			sourceTree = "<group>";
		};
		84599AAC286EC88000542344 /* Model */ = {
			isa = PBXGroup;
			children = (
				84599AAD286EC88000542344 /* PersonDetailsModel.swift */,
				84599AAE286EC88000542344 /* GenderType.swift */,
			);
			path = Model;
			sourceTree = "<group>";
		};
		84599ADE286EF15E00542344 /* Frameworks */ = {
			isa = PBXGroup;
			children = (
				84599ADF286EF15E00542344 /* ProfileCard.xcodeproj */,
			);
			name = Frameworks;
			sourceTree = "<group>";
		};
		84599AE0286EF15E00542344 /* Products */ = {
			isa = PBXGroup;
			name = Products;
			sourceTree = "<group>";
		};
/* End PBXGroup section */

/* Begin PBXHeadersBuildPhase section */
		840D0E63286DCC3C00E755FB /* Headers */ = {
			isa = PBXHeadersBuildPhase;
			buildActionMask = 2147483647;
			files = (
				840D0E79286DCC3C00E755FB /* ProfileCard.h in Headers */,
			);
			runOnlyForDeploymentPostprocessing = 0;
		};
/* End PBXHeadersBuildPhase section */

/* Begin PBXNativeTarget section */
		840D0E67286DCC3C00E755FB /* ProfileCard */ = {
			isa = PBXNativeTarget;
			buildConfigurationList = 840D0E7C286DCC3C00E755FB /* Build configuration list for PBXNativeTarget "ProfileCard" */;
			buildPhases = (
				840D0E63286DCC3C00E755FB /* Headers */,
				840D0E64286DCC3C00E755FB /* Sources */,
				840D0E65286DCC3C00E755FB /* Frameworks */,
				840D0E66286DCC3C00E755FB /* Resources */,
			);
			buildRules = (
			);
			dependencies = (
			);
			name = ProfileCard;
			productName = ProfileCard;
			productReference = 840D0E68286DCC3C00E755FB /* ProfileCard.framework */;
			productType = "com.apple.product-type.framework";
		};
		840D0E71286DCC3C00E755FB /* ProfileCardTests */ = {
			isa = PBXNativeTarget;
			buildConfigurationList = 840D0E7F286DCC3C00E755FB /* Build configuration list for PBXNativeTarget "ProfileCardTests" */;
			buildPhases = (
				840D0E6E286DCC3C00E755FB /* Sources */,
				840D0E6F286DCC3C00E755FB /* Frameworks */,
				840D0E70286DCC3C00E755FB /* Resources */,
			);
			buildRules = (
			);
			dependencies = (
				840D0E75286DCC3C00E755FB /* PBXTargetDependency */,
			);
			name = ProfileCardTests;
			productName = ProfileCardTests;
			productReference = 840D0E72286DCC3C00E755FB /* ProfileCardTests.xctest */;
			productType = "com.apple.product-type.bundle.unit-test";
		};
/* End PBXNativeTarget section */

/* Begin PBXProject section */
		840D0E5F286DCC3C00E755FB /* Project object */ = {
			isa = PBXProject;
			attributes = {
				BuildIndependentTargetsInParallel = 1;
				LastSwiftUpdateCheck = 1340;
				LastUpgradeCheck = 1340;
				TargetAttributes = {
					840D0E67286DCC3C00E755FB = {
						CreatedOnToolsVersion = 13.4.1;
					};
					840D0E71286DCC3C00E755FB = {
						CreatedOnToolsVersion = 13.4.1;
					};
				};
			};
			buildConfigurationList = 840D0E62286DCC3C00E755FB /* Build configuration list for PBXProject "ProfileCard" */;
			compatibilityVersion = "Xcode 13.0";
			developmentRegion = en;
			hasScannedForEncodings = 0;
			knownRegions = (
				en,
				Base,
			);
			mainGroup = 840D0E5E286DCC3C00E755FB;
			productRefGroup = 840D0E69286DCC3C00E755FB /* Products */;
			projectDirPath = "";
			projectReferences = (
				{
					ProductGroup = 84599AE0286EF15E00542344 /* Products */;
					ProjectRef = 84599ADF286EF15E00542344 /* ProfileCard.xcodeproj */;
				},
			);
			projectRoot = "";
			targets = (
				840D0E67286DCC3C00E755FB /* ProfileCard */,
				840D0E71286DCC3C00E755FB /* ProfileCardTests */,
			);
		};
/* End PBXProject section */

/* Begin PBXResourcesBuildPhase section */
		840D0E66286DCC3C00E755FB /* Resources */ = {
			isa = PBXResourcesBuildPhase;
			buildActionMask = 2147483647;
			files = (
				84599AAB286EC7AE00542344 /* ProfileViewCard.xib in Resources */,
			);
			runOnlyForDeploymentPostprocessing = 0;
		};
		840D0E70286DCC3C00E755FB /* Resources */ = {
			isa = PBXResourcesBuildPhase;
			buildActionMask = 2147483647;
			files = (
			);
			runOnlyForDeploymentPostprocessing = 0;
		};
/* End PBXResourcesBuildPhase section */

/* Begin PBXSourcesBuildPhase section */
		840D0E64286DCC3C00E755FB /* Sources */ = {
			isa = PBXSourcesBuildPhase;
			buildActionMask = 2147483647;
			files = (
				84599AA9286EC79600542344 /* ProfileViewCard.swift in Sources */,
				84599AAF286EC88000542344 /* PersonDetailsModel.swift in Sources */,
				84599AB0286EC88000542344 /* GenderType.swift in Sources */,
				840D0E6D286DCC3C00E755FB /* ProfileCard.docc in Sources */,
			);
			runOnlyForDeploymentPostprocessing = 0;
		};
		840D0E6E286DCC3C00E755FB /* Sources */ = {
			isa = PBXSourcesBuildPhase;
			buildActionMask = 2147483647;
			files = (
				840D0E78286DCC3C00E755FB /* ProfileCardTests.swift in Sources */,
			);
			runOnlyForDeploymentPostprocessing = 0;
		};
/* End PBXSourcesBuildPhase section */

/* Begin PBXTargetDependency section */
		840D0E75286DCC3C00E755FB /* PBXTargetDependency */ = {
			isa = PBXTargetDependency;
			target = 840D0E67286DCC3C00E755FB /* ProfileCard */;
			targetProxy = 840D0E74286DCC3C00E755FB /* PBXContainerItemProxy */;
		};
/* End PBXTargetDependency section */

/* Begin XCBuildConfiguration section */
		840D0E7A286DCC3C00E755FB /* Debug */ = {
			isa = XCBuildConfiguration;
			buildSettings = {
				ALWAYS_SEARCH_USER_PATHS = NO;
				CLANG_ANALYZER_NONNULL = YES;
				CLANG_ANALYZER_NUMBER_OBJECT_CONVERSION = YES_AGGRESSIVE;
				CLANG_CXX_LANGUAGE_STANDARD = "gnu++17";
				CLANG_ENABLE_MODULES = YES;
				CLANG_ENABLE_OBJC_ARC = YES;
				CLANG_ENABLE_OBJC_WEAK = YES;
				CLANG_WARN_BLOCK_CAPTURE_AUTORELEASING = YES;
				CLANG_WARN_BOOL_CONVERSION = YES;
				CLANG_WARN_COMMA = YES;
				CLANG_WARN_CONSTANT_CONVERSION = YES;
				CLANG_WARN_DEPRECATED_OBJC_IMPLEMENTATIONS = YES;
				CLANG_WARN_DIRECT_OBJC_ISA_USAGE = YES_ERROR;
				CLANG_WARN_DOCUMENTATION_COMMENTS = YES;
				CLANG_WARN_EMPTY_BODY = YES;
				CLANG_WARN_ENUM_CONVERSION = YES;
				CLANG_WARN_INFINITE_RECURSION = YES;
				CLANG_WARN_INT_CONVERSION = YES;
				CLANG_WARN_NON_LITERAL_NULL_CONVERSION = YES;
				CLANG_WARN_OBJC_IMPLICIT_RETAIN_SELF = YES;
				CLANG_WARN_OBJC_LITERAL_CONVERSION = YES;
				CLANG_WARN_OBJC_ROOT_CLASS = YES_ERROR;
				CLANG_WARN_QUOTED_INCLUDE_IN_FRAMEWORK_HEADER = YES;
				CLANG_WARN_RANGE_LOOP_ANALYSIS = YES;
				CLANG_WARN_STRICT_PROTOTYPES = YES;
				CLANG_WARN_SUSPICIOUS_MOVE = YES;
				CLANG_WARN_UNGUARDED_AVAILABILITY = YES_AGGRESSIVE;
				CLANG_WARN_UNREACHABLE_CODE = YES;
				CLANG_WARN__DUPLICATE_METHOD_MATCH = YES;
				COPY_PHASE_STRIP = NO;
				CURRENT_PROJECT_VERSION = 1;
				DEBUG_INFORMATION_FORMAT = dwarf;
				ENABLE_STRICT_OBJC_MSGSEND = YES;
				ENABLE_TESTABILITY = YES;
				GCC_C_LANGUAGE_STANDARD = gnu11;
				GCC_DYNAMIC_NO_PIC = NO;
				GCC_NO_COMMON_BLOCKS = YES;
				GCC_OPTIMIZATION_LEVEL = 0;
				GCC_PREPROCESSOR_DEFINITIONS = (
					"DEBUG=1",
					"$(inherited)",
				);
				GCC_WARN_64_TO_32_BIT_CONVERSION = YES;
				GCC_WARN_ABOUT_RETURN_TYPE = YES_ERROR;
				GCC_WARN_UNDECLARED_SELECTOR = YES;
				GCC_WARN_UNINITIALIZED_AUTOS = YES_AGGRESSIVE;
				GCC_WARN_UNUSED_FUNCTION = YES;
				GCC_WARN_UNUSED_VARIABLE = YES;
				IPHONEOS_DEPLOYMENT_TARGET = 15.5;
				MTL_ENABLE_DEBUG_INFO = INCLUDE_SOURCE;
				MTL_FAST_MATH = YES;
				ONLY_ACTIVE_ARCH = YES;
				SDKROOT = iphoneos;
				SWIFT_ACTIVE_COMPILATION_CONDITIONS = DEBUG;
				SWIFT_OPTIMIZATION_LEVEL = "-Onone";
				VERSIONING_SYSTEM = "apple-generic";
				VERSION_INFO_PREFIX = "";
			};
			name = Debug;
		};
		840D0E7B286DCC3C00E755FB /* Release */ = {
			isa = XCBuildConfiguration;
			buildSettings = {
				ALWAYS_SEARCH_USER_PATHS = NO;
				CLANG_ANALYZER_NONNULL = YES;
				CLANG_ANALYZER_NUMBER_OBJECT_CONVERSION = YES_AGGRESSIVE;
				CLANG_CXX_LANGUAGE_STANDARD = "gnu++17";
				CLANG_ENABLE_MODULES = YES;
				CLANG_ENABLE_OBJC_ARC = YES;
				CLANG_ENABLE_OBJC_WEAK = YES;
				CLANG_WARN_BLOCK_CAPTURE_AUTORELEASING = YES;
				CLANG_WARN_BOOL_CONVERSION = YES;
				CLANG_WARN_COMMA = YES;
				CLANG_WARN_CONSTANT_CONVERSION = YES;
				CLANG_WARN_DEPRECATED_OBJC_IMPLEMENTATIONS = YES;
				CLANG_WARN_DIRECT_OBJC_ISA_USAGE = YES_ERROR;
				CLANG_WARN_DOCUMENTATION_COMMENTS = YES;
				CLANG_WARN_EMPTY_BODY = YES;
				CLANG_WARN_ENUM_CONVERSION = YES;
				CLANG_WARN_INFINITE_RECURSION = YES;
				CLANG_WARN_INT_CONVERSION = YES;
				CLANG_WARN_NON_LITERAL_NULL_CONVERSION = YES;
				CLANG_WARN_OBJC_IMPLICIT_RETAIN_SELF = YES;
				CLANG_WARN_OBJC_LITERAL_CONVERSION = YES;
				CLANG_WARN_OBJC_ROOT_CLASS = YES_ERROR;
				CLANG_WARN_QUOTED_INCLUDE_IN_FRAMEWORK_HEADER = YES;
				CLANG_WARN_RANGE_LOOP_ANALYSIS = YES;
				CLANG_WARN_STRICT_PROTOTYPES = YES;
				CLANG_WARN_SUSPICIOUS_MOVE = YES;
				CLANG_WARN_UNGUARDED_AVAILABILITY = YES_AGGRESSIVE;
				CLANG_WARN_UNREACHABLE_CODE = YES;
				CLANG_WARN__DUPLICATE_METHOD_MATCH = YES;
				COPY_PHASE_STRIP = NO;
				CURRENT_PROJECT_VERSION = 1;
				DEBUG_INFORMATION_FORMAT = "dwarf-with-dsym";
				ENABLE_NS_ASSERTIONS = NO;
				ENABLE_STRICT_OBJC_MSGSEND = YES;
				GCC_C_LANGUAGE_STANDARD = gnu11;
				GCC_NO_COMMON_BLOCKS = YES;
				GCC_WARN_64_TO_32_BIT_CONVERSION = YES;
				GCC_WARN_ABOUT_RETURN_TYPE = YES_ERROR;
				GCC_WARN_UNDECLARED_SELECTOR = YES;
				GCC_WARN_UNINITIALIZED_AUTOS = YES_AGGRESSIVE;
				GCC_WARN_UNUSED_FUNCTION = YES;
				GCC_WARN_UNUSED_VARIABLE = YES;
				IPHONEOS_DEPLOYMENT_TARGET = 15.5;
				MTL_ENABLE_DEBUG_INFO = NO;
				MTL_FAST_MATH = YES;
				SDKROOT = iphoneos;
				SWIFT_COMPILATION_MODE = wholemodule;
				SWIFT_OPTIMIZATION_LEVEL = "-O";
				VALIDATE_PRODUCT = YES;
				VERSIONING_SYSTEM = "apple-generic";
				VERSION_INFO_PREFIX = "";
			};
			name = Release;
		};
		840D0E7D286DCC3C00E755FB /* Debug */ = {
			isa = XCBuildConfiguration;
			buildSettings = {
				CODE_SIGN_STYLE = Automatic;
				CURRENT_PROJECT_VERSION = 1;
				DEFINES_MODULE = YES;
				DEVELOPMENT_TEAM = ZVVTRM5HQ6;
				DYLIB_COMPATIBILITY_VERSION = 1;
				DYLIB_CURRENT_VERSION = 1;
				DYLIB_INSTALL_NAME_BASE = "@rpath";
				GENERATE_INFOPLIST_FILE = YES;
				INFOPLIST_KEY_NSHumanReadableCopyright = "";
				INSTALL_PATH = "$(LOCAL_LIBRARY_DIR)/Frameworks";
				LD_RUNPATH_SEARCH_PATHS = (
					"$(inherited)",
					"@executable_path/Frameworks",
					"@loader_path/Frameworks",
				);
				MARKETING_VERSION = 1.0;
				PRODUCT_BUNDLE_IDENTIFIER = com.adapty.ProfileCard;
				PRODUCT_NAME = "$(TARGET_NAME:c99extidentifier)";
				SKIP_INSTALL = YES;
				SWIFT_EMIT_LOC_STRINGS = YES;
				SWIFT_VERSION = 5.0;
				TARGETED_DEVICE_FAMILY = "1,2";
			};
			name = Debug;
		};
		840D0E7E286DCC3C00E755FB /* Release */ = {
			isa = XCBuildConfiguration;
			buildSettings = {
				CODE_SIGN_STYLE = Automatic;
				CURRENT_PROJECT_VERSION = 1;
				DEFINES_MODULE = YES;
				DEVELOPMENT_TEAM = ZVVTRM5HQ6;
				DYLIB_COMPATIBILITY_VERSION = 1;
				DYLIB_CURRENT_VERSION = 1;
				DYLIB_INSTALL_NAME_BASE = "@rpath";
				GENERATE_INFOPLIST_FILE = YES;
				INFOPLIST_KEY_NSHumanReadableCopyright = "";
				INSTALL_PATH = "$(LOCAL_LIBRARY_DIR)/Frameworks";
				LD_RUNPATH_SEARCH_PATHS = (
					"$(inherited)",
					"@executable_path/Frameworks",
					"@loader_path/Frameworks",
				);
				MARKETING_VERSION = 1.0;
				PRODUCT_BUNDLE_IDENTIFIER = com.adapty.ProfileCard;
				PRODUCT_NAME = "$(TARGET_NAME:c99extidentifier)";
				SKIP_INSTALL = YES;
				SWIFT_EMIT_LOC_STRINGS = YES;
				SWIFT_VERSION = 5.0;
				TARGETED_DEVICE_FAMILY = "1,2";
			};
			name = Release;
		};
		840D0E80286DCC3C00E755FB /* Debug */ = {
			isa = XCBuildConfiguration;
			buildSettings = {
				ALWAYS_EMBED_SWIFT_STANDARD_LIBRARIES = YES;
				CODE_SIGN_STYLE = Automatic;
				CURRENT_PROJECT_VERSION = 1;
				DEVELOPMENT_TEAM = ZVVTRM5HQ6;
				GENERATE_INFOPLIST_FILE = YES;
				MARKETING_VERSION = 1.0;
				PRODUCT_BUNDLE_IDENTIFIER = com.adapty.ProfileCardTests;
				PRODUCT_NAME = "$(TARGET_NAME)";
				SWIFT_EMIT_LOC_STRINGS = NO;
				SWIFT_VERSION = 5.0;
				TARGETED_DEVICE_FAMILY = "1,2";
			};
			name = Debug;
		};
		840D0E81286DCC3C00E755FB /* Release */ = {
			isa = XCBuildConfiguration;
			buildSettings = {
				ALWAYS_EMBED_SWIFT_STANDARD_LIBRARIES = YES;
				CODE_SIGN_STYLE = Automatic;
				CURRENT_PROJECT_VERSION = 1;
				DEVELOPMENT_TEAM = ZVVTRM5HQ6;
				GENERATE_INFOPLIST_FILE = YES;
				MARKETING_VERSION = 1.0;
				PRODUCT_BUNDLE_IDENTIFIER = com.adapty.ProfileCardTests;
				PRODUCT_NAME = "$(TARGET_NAME)";
				SWIFT_EMIT_LOC_STRINGS = NO;
				SWIFT_VERSION = 5.0;
				TARGETED_DEVICE_FAMILY = "1,2";
			};
			name = Release;
		};
/* End XCBuildConfiguration section */

/* Begin XCConfigurationList section */
		840D0E62286DCC3C00E755FB /* Build configuration list for PBXProject "ProfileCard" */ = {
			isa = XCConfigurationList;
			buildConfigurations = (
				840D0E7A286DCC3C00E755FB /* Debug */,
				840D0E7B286DCC3C00E755FB /* Release */,
			);
			defaultConfigurationIsVisible = 0;
			defaultConfigurationName = Release;
		};
		840D0E7C286DCC3C00E755FB /* Build configuration list for PBXNativeTarget "ProfileCard" */ = {
			isa = XCConfigurationList;
			buildConfigurations = (
				840D0E7D286DCC3C00E755FB /* Debug */,
				840D0E7E286DCC3C00E755FB /* Release */,
			);
			defaultConfigurationIsVisible = 0;
			defaultConfigurationName = Release;
		};
		840D0E7F286DCC3C00E755FB /* Build configuration list for PBXNativeTarget "ProfileCardTests" */ = {
			isa = XCConfigurationList;
			buildConfigurations = (
				840D0E80286DCC3C00E755FB /* Debug */,
				840D0E81286DCC3C00E755FB /* Release */,
			);
			defaultConfigurationIsVisible = 0;
			defaultConfigurationName = Release;
		};
/* End XCConfigurationList section */
	};
	rootObject = 840D0E5F286DCC3C00E755FB /* Project object */;
}
